{
    "name": "implicit-global-assign-fixture",
    "version": "0.0.0",
    "lockfileVersion": 3,
    "requires": true,
    "packages": {
        "": {
            "name": "implicit-global-assign-fixture",
            "version": "0.0.0",
            "dependencies": {
                "excalibur": "0.32.0"
            }
        },
        "node_modules/excalibur": {
            "version": "0.32.0",
            "resolved": "https://registry.npmjs.org/excalibur/-/excalibur-0.32.0.tgz",
            "integrity": "sha512-anCvsZK2Dh3BTlw/ERHr3fvfqF2vdJHw88soCs3r6EIwxbhibNRILMZw3Ae6GMTY8FkzRfkGLyk7DlEZVesUaw==",
            "license": "BSD-2-Clause"
        }
    }
}
