# This file is automatically @generated by Cargo.
# It is not intended for manual editing.
version = 4

[[package]]
name = "aho-corasick"
version = "1.1.4"
source = "registry+https://github.com/rust-lang/crates.io-index"
checksum = "ddd31a130427c27518df266943a5308ed92d4b226cc639f5a8f1002816174301"
dependencies = [
 "memchr",
]

[[package]]
name = "allocator-api2"
version = "0.2.21"
source = "registry+https://github.com/rust-lang/crates.io-index"
checksum = "683d7910e743518b0e34f1186f92494becacb047c7b6bf616c96772180fef923"

[[package]]
name = "arrayvec"
version = "0.7.8"
source = "registry+https://github.com/rust-lang/crates.io-index"
checksum = "d3fb67a6e08acf24fdeccbac2cb6ac4305825bd1f117462e0e6f2f193345ad56"

[[package]]
name = "autocfg"
version = "1.5.1"
source = "registry+https://github.com/rust-lang/crates.io-index"
checksum = "f2032f911046de80f0a198e0901378627c33f59ea0ac00e363d481118bd70a53"

[[package]]
name = "bitflags"
version = "2.13.1"
source = "registry+https://github.com/rust-lang/crates.io-index"
checksum = "b588b76d00fde79687d7646a9b5bdf3cc0f655e0bbd080335a95d7e96f3587da"
dependencies = [
 "serde_core",
]

[[package]]
name = "borrow-or-share"
version = "0.2.4"
source = "registry+https://github.com/rust-lang/crates.io-index"
checksum = "dc0b364ead1874514c8c2855ab558056ebfeb775653e7ae45ff72f28f8f3166c"

[[package]]
name = "bpaf"
version = "0.9.26"
source = "registry+https://github.com/rust-lang/crates.io-index"
checksum = "0b86829876e7e200161a5aa6ea688d46c32d64d70ee3100127790dde84688d6e"
dependencies = [
 "bpaf_derive",
 "owo-colors",
 "supports-color",
]

[[package]]
name = "bpaf_derive"
version = "0.5.26"
source = "registry+https://github.com/rust-lang/crates.io-index"
checksum = "2f7e98cee839b19076cb3ce1afdb62bb182e04ff5f71f70188827002fae91094"
dependencies = [
 "proc-macro2",
 "quote",
 "syn 2.0.119",
]

[[package]]
name = "bstr"
version = "1.13.0"
source = "registry+https://github.com/rust-lang/crates.io-index"
checksum = "1f7dc094d718f2e1c1559ad110e27eeaae14a5465d3d56dd6dbd793079fbd530"
dependencies = [
 "memchr",
 "serde_core",
]

[[package]]
name = "bytes"
version = "1.12.1"
source = "registry+https://github.com/rust-lang/crates.io-index"
checksum = "fc652a48c352aef3ea3aed32080501cf3ef6ed5da78602a020c991775b0aff04"

[[package]]
name = "castaway"
version = "0.2.4"
source = "registry+https://github.com/rust-lang/crates.io-index"
checksum = "dec551ab6e7578819132c713a93c022a05d60159dc86e7a7050223577484c55a"
dependencies = [
 "rustversion",
]

[[package]]
name = "cfg-if"
version = "1.0.4"
source = "registry+https://github.com/rust-lang/crates.io-index"
checksum = "9330f8b2ff13f34540b44e946ef35111825727b38d33286ef986142615121801"

[[package]]
name = "compact_str"
version = "0.10.0"
source = "registry+https://github.com/rust-lang/crates.io-index"
checksum = "79fcda08c33bb58b97008b2cdada6622500e949e060f5913361763121abd2416"
dependencies = [
 "castaway",
 "cfg-if",
 "itoa",
 "serde",
 "static_assertions",
 "zmij",
]

[[package]]
name = "convert_case"
version = "0.11.0"
source = "registry+https://github.com/rust-lang/crates.io-index"
checksum = "affbf0190ed2caf063e3def54ff444b449371d55c58e513a95ab98eca50adb49"
dependencies = [
 "unicode-segmentation",
]

[[package]]
name = "cow-utils"
version = "0.1.3"
source = "registry+https://github.com/rust-lang/crates.io-index"
checksum = "417bef24afe1460300965a25ff4a24b8b45ad011948302ec221e8a0a81eb2c79"

[[package]]
name = "crossbeam-deque"
version = "0.8.7"
source = "registry+https://github.com/rust-lang/crates.io-index"
checksum = "5181e0de7b61eb03a81e347d6dd8797bae9da5146707b51077e2d71a54ec0ceb"
dependencies = [
 "crossbeam-epoch",
 "crossbeam-utils",
]

[[package]]
name = "crossbeam-epoch"
version = "0.9.20"
source = "registry+https://github.com/rust-lang/crates.io-index"
checksum = "2d6914041f254d6e9176c01941b21115dcfb7089e55135a35411081bd106ef3f"
dependencies = [
 "crossbeam-utils",
]

[[package]]
name = "crossbeam-utils"
version = "0.8.22"
source = "registry+https://github.com/rust-lang/crates.io-index"
checksum = "61803da095bee82a81bb1a452ecc25d3b2f1416d1897eb86430c6159ef717c17"

[[package]]
name = "ctor"
version = "1.0.11"
source = "registry+https://github.com/rust-lang/crates.io-index"
checksum = "e9bb72bb94fdc1bd619f4c18cc91ecf6302aeb333d31b3c6ec0bb841cd920209"

[[package]]
name = "dashmap"
version = "6.2.1"
source = "registry+https://github.com/rust-lang/crates.io-index"
checksum = "e6361d5c062261c78a176addb82d4c821ae42bed6089de0e12603cd25de2059c"
dependencies = [
 "cfg-if",
 "crossbeam-utils",
 "hashbrown 0.14.5",
 "lock_api",
 "once_cell",
 "parking_lot_core",
]

[[package]]
name = "dragonbox_ecma"
version = "0.1.12"
source = "registry+https://github.com/rust-lang/crates.io-index"
checksum = "fd8e701084c37e7ef62d3f9e453b618130cbc0ef3573847785952a3ac3f746bf"

[[package]]
name = "dyn-clone"
version = "1.0.20"
source = "registry+https://github.com/rust-lang/crates.io-index"
checksum = "d0881ea181b1df73ff77ffaaf9c7544ecc11e82fba9b5f27b262a3c73a332555"

[[package]]
name = "editorconfig-parser"
version = "0.0.4"
source = "registry+https://github.com/rust-lang/crates.io-index"
checksum = "e587c7336689e4dbb79157eb50ca5de9b3f75a48b85f17c1297d9c31e9d3bbc3"
dependencies = [
 "globset",
]

[[package]]
name = "either"
version = "1.17.0"
source = "registry+https://github.com/rust-lang/crates.io-index"
checksum = "9e5e8f6c15a24b9a3ee5efec809ccd006d3b30e8b3bb63c39af737c7f87daa1d"

[[package]]
name = "equivalent"
version = "1.0.2"
source = "registry+https://github.com/rust-lang/crates.io-index"
checksum = "877a4ace8713b0bcf2a4e7eec82529c029f1d0619886d18145fea96c3ffe5c0f"

[[package]]
name = "fast-glob"
version = "1.1.0"
source = "registry+https://github.com/rust-lang/crates.io-index"
checksum = "3cc9868289ee02952b341465ce66e67adec151227afedacf9137c0adb1e53943"
dependencies = [
 "arrayvec",
]

[[package]]
name = "fastrand"
version = "2.5.0"
source = "registry+https://github.com/rust-lang/crates.io-index"
checksum = "da7c62ceae207dd37ea5b845da6a0696c799f85e97da1ab5b7910be3c1c80223"

[[package]]
name = "fluent-uri"
version = "0.4.1"
source = "registry+https://github.com/rust-lang/crates.io-index"
checksum = "bc74ac4d8359ae70623506d512209619e5cf8f347124910440dbc221714b328e"
dependencies = [
 "borrow-or-share",
 "ref-cast",
 "serde",
]

[[package]]
name = "futures"
version = "0.3.33"
source = "registry+https://github.com/rust-lang/crates.io-index"
checksum = "a88cf1f829d945f548cf8fec32c61b1f202b6d93b45848602fc02af4b12ad218"
dependencies = [
 "futures-channel",
 "futures-core",
 "futures-executor",
 "futures-io",
 "futures-sink",
 "futures-task",
 "futures-util",
]

[[package]]
name = "futures-channel"
version = "0.3.33"
source = "registry+https://github.com/rust-lang/crates.io-index"
checksum = "262590f4fe6afeb0bc83be1daa64e52657fe185690a958af7f3ad0e92085c5ae"
dependencies = [
 "futures-core",
 "futures-sink",
]

[[package]]
name = "futures-core"
version = "0.3.33"
source = "registry+https://github.com/rust-lang/crates.io-index"
checksum = "2cd50c473c80f6d7c3670a752354b8e569b1a7cbfdc0419ec88e5edad85e0dc7"

[[package]]
name = "futures-executor"
version = "0.3.33"
source = "registry+https://github.com/rust-lang/crates.io-index"
checksum = "6754879cc9f2c66f88c6e5c35344bb0bdb0708b0352b1201815667c7eabc7458"
dependencies = [
 "futures-core",
 "futures-task",
 "futures-util",
]

[[package]]
name = "futures-io"
version = "0.3.33"
source = "registry+https://github.com/rust-lang/crates.io-index"
checksum = "4577ecaa3c4f96589d473f679a71b596316f6641bc350038b962a5daf0085d7a"

[[package]]
name = "futures-macro"
version = "0.3.33"
source = "registry+https://github.com/rust-lang/crates.io-index"
checksum = "2d6d3cde68c518367be28956066ddfef33813991b77a55005a69dae04bf3b10b"
dependencies = [
 "proc-macro2",
 "quote",
 "syn 2.0.119",
]

[[package]]
name = "futures-sink"
version = "0.3.33"
source = "registry+https://github.com/rust-lang/crates.io-index"
checksum = "e34418ac499d6305c2fb5ad0ed2f6ac998c5f8ca209b4510f7f94242c647e307"

[[package]]
name = "futures-task"
version = "0.3.33"
source = "registry+https://github.com/rust-lang/crates.io-index"
checksum = "b231ed28831efb4a61a08580c4bc233ec56bc009f4cd8f52da2c3cb97df0c109"

[[package]]
name = "futures-util"
version = "0.3.33"
source = "registry+https://github.com/rust-lang/crates.io-index"
checksum = "a77a90a256fce34da66415271e30f94ee91c57b04b8a2c042d9cf3220179deaa"
dependencies = [
 "futures-channel",
 "futures-core",
 "futures-io",
 "futures-macro",
 "futures-sink",
 "futures-task",
 "memchr",
 "pin-project-lite",
 "slab",
]

[[package]]
name = "gjsify_oxfmt"
version = "0.1.0"
dependencies = [
 "oxc_allocator",
 "oxc_formatter",
 "oxc_span",
 "oxfmt",
]

[[package]]
name = "globset"
version = "0.4.19"
source = "registry+https://github.com/rust-lang/crates.io-index"
checksum = "e47d37d2ae4464254884b60ab7071be2b876a9c35b696bd018ddcc76847309cd"
dependencies = [
 "aho-corasick",
 "bstr",
 "log",
 "regex-automata",
 "regex-syntax",
]

[[package]]
name = "hashbrown"
version = "0.14.5"
source = "registry+https://github.com/rust-lang/crates.io-index"
checksum = "e5274423e17b7c9fc20b6e7e208532f9b19825d82dfd615708b70edd83df41f1"

[[package]]
name = "hashbrown"
version = "0.17.1"
source = "registry+https://github.com/rust-lang/crates.io-index"
checksum = "ed5909b6e89a2db4456e54cd5f673791d7eca6732202bbf2a9cc504fe2f9b84a"
dependencies = [
 "allocator-api2",
]

[[package]]
name = "httparse"
version = "1.10.1"
source = "registry+https://github.com/rust-lang/crates.io-index"
checksum = "6dbf3de79e51f3d586ab4cb9d5c3e2c14aa28ed23d180cf89b4df0454a69cc87"

[[package]]
name = "ignore"
version = "0.4.31"
source = "registry+https://github.com/rust-lang/crates.io-index"
checksum = "7f8a7b8211e695a1d0cd91cace480d4d0bd57667ab10277cc412c5f7f4884f83"
dependencies = [
 "crossbeam-deque",
 "globset",
 "log",
 "memchr",
 "regex-automata",
 "same-file",
 "walkdir",
 "winapi-util",
]

[[package]]
name = "indexmap"
version = "2.14.0"
source = "registry+https://github.com/rust-lang/crates.io-index"
checksum = "d466e9454f08e4a911e14806c24e16fba1b4c121d1ea474396f396069cf949d9"
dependencies = [
 "equivalent",
 "hashbrown 0.17.1",
]

[[package]]
name = "is_ci"
version = "1.2.0"
source = "registry+https://github.com/rust-lang/crates.io-index"
checksum = "7655c9839580ee829dfacba1d1278c2b7883e50a277ff7541299489d6bdfdc45"

[[package]]
name = "itoa"
version = "1.0.18"
source = "registry+https://github.com/rust-lang/crates.io-index"
checksum = "8f42a60cbdf9a97f5d2305f08a87dc4e09308d1276d28c869c684d7777685682"

[[package]]
name = "json-strip-comments"
version = "3.1.2"
source = "registry+https://github.com/rust-lang/crates.io-index"
checksum = "01ed659c5f428031b9c1fb7de6729af2eb491654d4bcd416a5b5b704986b9658"
dependencies = [
 "memchr",
]

[[package]]
name = "lazy_static"
version = "1.5.0"
source = "registry+https://github.com/rust-lang/crates.io-index"
checksum = "bbd2bcb4c963f2ddae06a2efc7e9f3591312473c50c6685e1f298068316e66fe"

[[package]]
name = "libc"
version = "0.2.189"
source = "registry+https://github.com/rust-lang/crates.io-index"
checksum = "3eaf3ede3fee6db1a4c2ee091bf8a8b4dccdc6d17f656fb07896ee72867612f2"

[[package]]
name = "libloading"
version = "0.9.0"
source = "registry+https://github.com/rust-lang/crates.io-index"
checksum = "754ca22de805bb5744484a5b151a9e1a8e837d5dc232c2d7d8c2e3492edc8b60"
dependencies = [
 "cfg-if",
 "windows-link",
]

[[package]]
name = "lock_api"
version = "0.4.14"
source = "registry+https://github.com/rust-lang/crates.io-index"
checksum = "224399e74b87b5f3557511d98dff8b14089b3dadafcab6bb93eab67d3aace965"
dependencies = [
 "scopeguard",
]

[[package]]
name = "log"
version = "0.4.33"
source = "registry+https://github.com/rust-lang/crates.io-index"
checksum = "0ceec5bc11778974d1bcb055b18002eba7f4b3518b6a0081b3af5f21666da9ad"

[[package]]
name = "ls-types"
version = "0.0.3"
source = "registry+https://github.com/rust-lang/crates.io-index"
checksum = "c029d4b509074b7d59dac432d87d4c24badaaf6c6c9c8b7ac030ae8022dc118d"
dependencies = [
 "bitflags",
 "fluent-uri",
 "percent-encoding",
 "serde",
 "serde_json",
]

[[package]]
name = "markdown"
version = "1.0.0"
source = "registry+https://github.com/rust-lang/crates.io-index"
checksum = "a5cab8f2cadc416a82d2e783a1946388b31654d391d1c7d92cc1f03e295b1deb"
dependencies = [
 "unicode-id",
]

[[package]]
name = "memchr"
version = "2.8.3"
source = "registry+https://github.com/rust-lang/crates.io-index"
checksum = "cf8baf1c55e62ffcace7a9f06f4bd9cd3f0c4beb022d3b367256b91b87513d98"

[[package]]
name = "napi"
version = "3.11.0"
source = "registry+https://github.com/rust-lang/crates.io-index"
checksum = "de33522036981030a75c231829566bc63414e08101a6f5ff4ac6cef19c8e0941"
dependencies = [
 "bitflags",
 "ctor",
 "futures",
 "napi-build",
 "napi-sys",
 "nohash-hasher",
 "rustc-hash",
]

[[package]]
name = "napi-build"
version = "2.3.2"
source = "registry+https://github.com/rust-lang/crates.io-index"
checksum = "c9c366d2c8c60b86fa632df75f745509b52f9128f91a6bad4c796e44abb505e1"

[[package]]
name = "napi-derive"
version = "3.6.0"
source = "registry+https://github.com/rust-lang/crates.io-index"
checksum = "a49c513341a61a16a10af6efcce46b30d0822ba2d4fb197d24d33dfc199c78d5"
dependencies = [
 "convert_case",
 "ctor",
 "napi-derive-backend",
 "proc-macro2",
 "quote",
 "syn 2.0.119",
]

[[package]]
name = "napi-derive-backend"
version = "6.0.0"
source = "registry+https://github.com/rust-lang/crates.io-index"
checksum = "4747005fa3e2c9989ac45a723a514c5db2411238b72981a3cda4c701a9dfea17"
dependencies = [
 "convert_case",
 "proc-macro2",
 "quote",
 "semver",
 "syn 2.0.119",
]

[[package]]
name = "napi-sys"
version = "3.3.0"
source = "registry+https://github.com/rust-lang/crates.io-index"
checksum = "85fbf1fa9f1babfe396d74bbbf52b3643770243e8f5b0b46715d4caf7f0dfc9a"
dependencies = [
 "libloading",
]

[[package]]
name = "natord"
version = "1.0.9"
source = "registry+https://github.com/rust-lang/crates.io-index"
checksum = "308d96db8debc727c3fd9744aac51751243420e46edf401010908da7f8d5e57c"

[[package]]
name = "nodejs-built-in-modules"
version = "1.0.0"
source = "registry+https://github.com/rust-lang/crates.io-index"
checksum = "a5eb86a92577833b75522336f210c49d9ebd7dd55a44d80a92e68c668a75f27c"

[[package]]
name = "nohash-hasher"
version = "0.2.0"
source = "registry+https://github.com/rust-lang/crates.io-index"
checksum = "2bf50223579dc7cdcfb3bfcacf7069ff68243f8c363f62ffa99cf000a6b9c451"

[[package]]
name = "nonmax"
version = "0.5.5"
source = "registry+https://github.com/rust-lang/crates.io-index"
checksum = "610a5acd306ec67f907abe5567859a3c693fb9886eb1f012ab8f2a47bef3db51"

[[package]]
name = "nu-ansi-term"
version = "0.50.3"
source = "registry+https://github.com/rust-lang/crates.io-index"
checksum = "7957b9740744892f114936ab4a57b3f487491bbeafaf8083688b16841a4240e5"
dependencies = [
 "windows-sys",
]

[[package]]
name = "num-bigint"
version = "0.5.1"
source = "registry+https://github.com/rust-lang/crates.io-index"
checksum = "93e7820bc0a80a0238e650327316f929ba18d5be054b647490a3a6a339f3e7c0"
dependencies = [
 "num-integer",
 "num-traits",
]

[[package]]
name = "num-integer"
version = "0.1.46"
source = "registry+https://github.com/rust-lang/crates.io-index"
checksum = "7969661fd2958a5cb096e56c8e1ad0444ac2bbcd0061bd28660485a44879858f"
dependencies = [
 "num-traits",
]

[[package]]
name = "num-traits"
version = "0.2.19"
source = "registry+https://github.com/rust-lang/crates.io-index"
checksum = "071dfc062690e90b734c0b2273ce72ad0ffa95f0c74596bc250dcfd960262841"
dependencies = [
 "autocfg",
]

[[package]]
name = "once_cell"
version = "1.21.4"
source = "registry+https://github.com/rust-lang/crates.io-index"
checksum = "9f7c3e4beb33f85d45ae3e3a1792185706c8e16d043238c593331cc7cd313b50"

[[package]]
name = "owo-colors"
version = "4.3.0"
source = "registry+https://github.com/rust-lang/crates.io-index"
checksum = "d211803b9b6b570f68772237e415a029d5a50c65d382910b879fb19d3271f94d"

[[package]]
name = "oxc-css-parser"
version = "0.0.9"
source = "registry+https://github.com/rust-lang/crates.io-index"
checksum = "1bad14ada0bb04b4f3dcb031f0490779d91730dc8cc4738701d7ec4a2b6bc302"
dependencies = [
 "oxc_allocator",
]

[[package]]
name = "oxc-graphql-parser"
version = "0.0.9"
source = "registry+https://github.com/rust-lang/crates.io-index"
checksum = "432777a8667de07a380b8e7785e1871ce0b39fd180dde50923b9c128792c0d6e"
dependencies = [
 "memchr",
 "oxc_allocator",
 "thiserror",
]

[[package]]
name = "oxc-miette"
version = "3.0.1"
source = "registry+https://github.com/rust-lang/crates.io-index"
checksum = "2e0df30faa68797917ca4263e7a2f889ec829e4da2dcb3d6dc752f7a494180f3"
dependencies = [
 "cfg-if",
 "memchr",
 "owo-colors",
 "oxc-miette-derive",
 "textwrap",
 "thiserror",
 "unicode-segmentation",
 "unicode-width",
]

[[package]]
name = "oxc-miette-derive"
version = "3.0.1"
source = "registry+https://github.com/rust-lang/crates.io-index"
checksum = "acc072d11d45ebe7801459b4e829184ba0934d68027fdc51d327335b53a95a49"
dependencies = [
 "proc-macro2",
 "quote",
 "syn 2.0.119",
]

[[package]]
name = "oxc-schemars"
version = "0.9.1"
source = "registry+https://github.com/rust-lang/crates.io-index"
checksum = "70beb8d94ce75bafc509dc24824147b18dfbe7786e9afd4b49765b645d9cc505"
dependencies = [
 "dyn-clone",
 "oxc_schemars_derive",
 "serde",
 "serde_json",
]

[[package]]
name = "oxc-toml"
version = "0.14.6"
source = "registry+https://github.com/rust-lang/crates.io-index"
checksum = "71bca8630e33e93a38d8dceb0daba6f562f29215b47098a7f05e8d295227ed94"

[[package]]
name = "oxc_allocator"
version = "0.142.0"
dependencies = [
 "allocator-api2",
 "hashbrown 0.17.1",
 "oxc_data_structures",
 "oxc_estree",
 "rustc-hash",
 "serde",
]

[[package]]
name = "oxc_ast"
version = "0.142.0"
dependencies = [
 "bitflags",
 "oxc_allocator",
 "oxc_ast_macros",
 "oxc_data_structures",
 "oxc_diagnostics",
 "oxc_estree",
 "oxc_regular_expression",
 "oxc_span",
 "oxc_str",
 "oxc_syntax",
]

[[package]]
name = "oxc_ast_macros"
version = "0.142.0"
dependencies = [
 "phf",
 "proc-macro2",
 "quote",
 "syn 3.0.3",
]

[[package]]
name = "oxc_ast_visit"
version = "0.142.0"
dependencies = [
 "oxc_allocator",
 "oxc_ast",
 "oxc_span",
 "oxc_syntax",
]

[[package]]
name = "oxc_config"
version = "0.0.0"
dependencies = [
 "fast-glob",
 "ignore",
 "oxc-schemars",
 "oxc_diagnostics",
 "rustc-hash",
 "serde",
]

[[package]]
name = "oxc_data_structures"
version = "0.142.0"

[[package]]
name = "oxc_diagnostics"
version = "0.142.0"
dependencies = [
 "cow-utils",
 "oxc-miette",
 "percent-encoding",
]

[[package]]
name = "oxc_ecmascript"
version = "0.142.0"
dependencies = [
 "dragonbox_ecma",
 "itoa",
 "num-bigint",
 "num-traits",
 "oxc_ast",
 "oxc_data_structures",
 "oxc_span",
 "oxc_syntax",
]

[[package]]
name = "oxc_estree"
version = "0.142.0"
dependencies = [
 "dragonbox_ecma",
 "itoa",
 "oxc_data_structures",
]

[[package]]
name = "oxc_formatter"
version = "0.61.0"
dependencies = [
 "cow-utils",
 "fast-glob",
 "itoa",
 "markdown",
 "natord",
 "nodejs-built-in-modules",
 "oxc_allocator",
 "oxc_ast",
 "oxc_diagnostics",
 "oxc_formatter_core",
 "oxc_jsdoc",
 "oxc_parser",
 "oxc_span",
 "oxc_str",
 "oxc_syntax",
 "phf",
 "rustc-hash",
 "smallvec",
 "unicode-width",
]

[[package]]
name = "oxc_formatter_core"
version = "0.61.0"
dependencies = [
 "cow-utils",
 "oxc_allocator",
 "oxc_data_structures",
 "oxc_span",
 "rustc-hash",
 "serde_json",
 "unicode-width",
]

[[package]]
name = "oxc_formatter_css"
version = "0.61.0"
dependencies = [
 "cow-utils",
 "oxc-css-parser",
 "oxc_allocator",
 "oxc_diagnostics",
 "oxc_formatter_core",
 "oxc_span",
 "phf",
]

[[package]]
name = "oxc_formatter_graphql"
version = "0.61.0"
dependencies = [
 "cow-utils",
 "oxc-graphql-parser",
 "oxc_allocator",
 "oxc_diagnostics",
 "oxc_formatter_core",
 "oxc_span",
]

[[package]]
name = "oxc_formatter_json"
version = "0.61.0"
dependencies = [
 "dragonbox_ecma",
 "oxc_allocator",
 "oxc_ast",
 "oxc_diagnostics",
 "oxc_formatter_core",
 "oxc_parser",
 "oxc_span",
 "oxc_syntax",
]

[[package]]
name = "oxc_index"
version = "5.0.0"
source = "registry+https://github.com/rust-lang/crates.io-index"
checksum = "191884bee6c3744909a51acc7d78d4ae370d817b25875b10642f632327b6296e"
dependencies = [
 "nonmax",
 "serde",
]

[[package]]
name = "oxc_jsdoc"
version = "0.142.0"
dependencies = [
 "oxc_ast",
 "oxc_span",
 "rustc-hash",
]

[[package]]
name = "oxc_language_server"
version = "1.41.0"
dependencies = [
 "cow-utils",
 "futures",
 "papaya",
 "rustc-hash",
 "serde",
 "serde_json",
 "tokio",
 "tower-lsp-server",
 "tracing",
]

[[package]]
name = "oxc_napi"
version = "0.142.0"
dependencies = [
 "napi",
 "napi-build",
 "napi-derive",
 "oxc_ast",
 "oxc_ast_visit",
 "oxc_diagnostics",
 "oxc_span",
 "oxc_syntax",
]

[[package]]
name = "oxc_parser"
version = "0.142.0"
dependencies = [
 "bitflags",
 "cow-utils",
 "memchr",
 "num-bigint",
 "num-traits",
 "oxc_allocator",
 "oxc_ast",
 "oxc_data_structures",
 "oxc_diagnostics",
 "oxc_ecmascript",
 "oxc_regular_expression",
 "oxc_span",
 "oxc_str",
 "oxc_syntax",
 "rustc-hash",
 "seq-macro",
]

[[package]]
name = "oxc_regular_expression"
version = "0.142.0"
dependencies = [
 "bitflags",
 "oxc_allocator",
 "oxc_ast_macros",
 "oxc_diagnostics",
 "oxc_span",
 "oxc_str",
 "phf",
 "rustc-hash",
 "unicode-id-start",
]

[[package]]
name = "oxc_schemars_derive"
version = "0.8.26"
source = "registry+https://github.com/rust-lang/crates.io-index"
checksum = "7f486258afefa5e80939dcff5d42c3a69e8ce4758e5270c3fb855bd45e8c7dd9"
dependencies = [
 "proc-macro2",
 "quote",
 "serde_derive_internals",
 "syn 2.0.119",
]

[[package]]
name = "oxc_span"
version = "0.142.0"
dependencies = [
 "compact_str",
 "oxc-miette",
 "oxc_allocator",
 "oxc_ast_macros",
 "oxc_estree",
 "oxc_str",
 "serde",
]

[[package]]
name = "oxc_str"
version = "0.142.0"
dependencies = [
 "compact_str",
 "hashbrown 0.17.1",
 "oxc_allocator",
 "oxc_estree",
 "serde",
]

[[package]]
name = "oxc_syntax"
version = "0.142.0"
dependencies = [
 "bitflags",
 "cow-utils",
 "dragonbox_ecma",
 "nonmax",
 "oxc_allocator",
 "oxc_ast_macros",
 "oxc_estree",
 "oxc_index",
 "oxc_span",
 "oxc_str",
 "phf",
 "serde",
 "unicode-id-start",
]

[[package]]
name = "oxfmt"
version = "0.61.0"
dependencies = [
 "bpaf",
 "cow-utils",
 "editorconfig-parser",
 "fast-glob",
 "ignore",
 "json-strip-comments",
 "napi-build",
 "oxc-miette",
 "oxc-schemars",
 "oxc-toml",
 "oxc_allocator",
 "oxc_config",
 "oxc_diagnostics",
 "oxc_formatter",
 "oxc_formatter_core",
 "oxc_formatter_css",
 "oxc_formatter_graphql",
 "oxc_formatter_json",
 "oxc_language_server",
 "oxc_napi",
 "oxc_span",
 "phf",
 "rayon",
 "rustc-hash",
 "serde",
 "serde_json",
 "simdutf8",
 "sort-package-json",
 "tokio",
 "tower-lsp-server",
 "tracing",
 "tracing-subscriber",
]

[[package]]
name = "papaya"
version = "0.2.4"
source = "registry+https://github.com/rust-lang/crates.io-index"
checksum = "997ee03cd38c01469a7046643714f0ad28880bcb9e6679ff0666e24817ca19b7"
dependencies = [
 "equivalent",
 "seize",
]

[[package]]
name = "parking_lot_core"
version = "0.9.12"
source = "registry+https://github.com/rust-lang/crates.io-index"
checksum = "2621685985a2ebf1c516881c026032ac7deafcda1a2c9b7850dc81e3dfcb64c1"
dependencies = [
 "cfg-if",
 "libc",
 "redox_syscall",
 "smallvec",
 "windows-link",
]

[[package]]
name = "percent-encoding"
version = "2.3.2"
source = "registry+https://github.com/rust-lang/crates.io-index"
checksum = "9b4f627cb1b25917193a259e49bdad08f671f8d9708acfd5fe0a8c1455d87220"

[[package]]
name = "phf"
version = "0.14.0"
source = "registry+https://github.com/rust-lang/crates.io-index"
checksum = "010378780309880b08997fae13be7834dba947d36393bd372f2b1556deb2a2f6"
dependencies = [
 "phf_macros",
 "phf_shared",
 "serde",
]

[[package]]
name = "phf_generator"
version = "0.14.0"
source = "registry+https://github.com/rust-lang/crates.io-index"
checksum = "aeb62e0959d5a1bebc965f4d15d9e2b7cea002b6b0f5ba8cde6cc26738467100"
dependencies = [
 "fastrand",
 "phf_shared",
]

[[package]]
name = "phf_macros"
version = "0.14.0"
source = "registry+https://github.com/rust-lang/crates.io-index"
checksum = "5fa8d0ca26d424d27630da600c6624696e7dec8bf7b3b492b383c5dc49e5e085"
dependencies = [
 "phf_generator",
 "phf_shared",
 "proc-macro2",
 "quote",
 "syn 2.0.119",
]

[[package]]
name = "phf_shared"
version = "0.14.0"
source = "registry+https://github.com/rust-lang/crates.io-index"
checksum = "c6fd9027e2d9319be6349febd1db4e8d02aa544921200c9b777720ac34a3aa89"
dependencies = [
 "siphasher",
]

[[package]]
name = "pin-project-lite"
version = "0.2.17"
source = "registry+https://github.com/rust-lang/crates.io-index"
checksum = "a89322df9ebe1c1578d689c92318e070967d1042b512afbe49518723f4e6d5cd"

[[package]]
name = "proc-macro2"
version = "1.0.107"
source = "registry+https://github.com/rust-lang/crates.io-index"
checksum = "985e7ec9bb745e6ce6535b544d84d6cd6f7ad8bd711c398938ae983b91a766d9"
dependencies = [
 "unicode-ident",
]

[[package]]
name = "quote"
version = "1.0.47"
source = "registry+https://github.com/rust-lang/crates.io-index"
checksum = "1fbf4db142a473a8d80c26bbf18454ed458bf8d26c8219c331daecfdbd079001"
dependencies = [
 "proc-macro2",
]

[[package]]
name = "rayon"
version = "1.12.0"
source = "registry+https://github.com/rust-lang/crates.io-index"
checksum = "fb39b166781f92d482534ef4b4b1b2568f42613b53e5b6c160e24cfbfa30926d"
dependencies = [
 "either",
 "rayon-core",
]

[[package]]
name = "rayon-core"
version = "1.13.0"
source = "registry+https://github.com/rust-lang/crates.io-index"
checksum = "22e18b0f0062d30d4230b2e85ff77fdfe4326feb054b9783a3460d8435c8ab91"
dependencies = [
 "crossbeam-deque",
 "crossbeam-utils",
]

[[package]]
name = "redox_syscall"
version = "0.5.18"
source = "registry+https://github.com/rust-lang/crates.io-index"
checksum = "ed2bf2547551a7053d6fdfafda3f938979645c44812fbfcda098faae3f1a362d"
dependencies = [
 "bitflags",
]

[[package]]
name = "ref-cast"
version = "1.0.26"
source = "registry+https://github.com/rust-lang/crates.io-index"
checksum = "216e8f773d7923bcba9ceb86a86c93cabb3903a11872fc3f138c49630e50b96d"
dependencies = [
 "ref-cast-impl",
]

[[package]]
name = "ref-cast-impl"
version = "1.0.26"
source = "registry+https://github.com/rust-lang/crates.io-index"
checksum = "2c9283685feec7d69af75fb0e858d5e7378f33fe4fc699383b2916ab9273e03c"
dependencies = [
 "proc-macro2",
 "quote",
 "syn 3.0.3",
]

[[package]]
name = "regex-automata"
version = "0.4.16"
source = "registry+https://github.com/rust-lang/crates.io-index"
checksum = "8fcfdb36bda0c880c5931cdc7a2bcdc8ba4556847b9d912bca70bc94708711ad"
dependencies = [
 "aho-corasick",
 "memchr",
 "regex-syntax",
]

[[package]]
name = "regex-syntax"
version = "0.8.11"
source = "registry+https://github.com/rust-lang/crates.io-index"
checksum = "d6f6ff9a378485b298a5286656da665ba74413d36db0979633275d2e708145d4"

[[package]]
name = "rustc-hash"
version = "2.1.3"
source = "registry+https://github.com/rust-lang/crates.io-index"
checksum = "6b1e7f9a428571be2dc5bc0505c13fb6bf936822b894ec87abf8a08a4e51742d"

[[package]]
name = "rustversion"
version = "1.0.23"
source = "registry+https://github.com/rust-lang/crates.io-index"
checksum = "cf54715a573b99ac80df0bc206da022bcd442c974952c7b9720069370852e21f"

[[package]]
name = "same-file"
version = "1.0.6"
source = "registry+https://github.com/rust-lang/crates.io-index"
checksum = "93fc1dc3aaa9bfed95e02e6eadabb4baf7e3078b0bd1b4d7b6b0b68378900502"
dependencies = [
 "winapi-util",
]

[[package]]
name = "scopeguard"
version = "1.2.0"
source = "registry+https://github.com/rust-lang/crates.io-index"
checksum = "94143f37725109f92c262ed2cf5e59bce7498c01bcc1502d7b9afe439a4e9f49"

[[package]]
name = "seize"
version = "0.5.1"
source = "registry+https://github.com/rust-lang/crates.io-index"
checksum = "5b55fb86dfd3a2f5f76ea78310a88f96c4ea21a3031f8d212443d56123fd0521"
dependencies = [
 "libc",
 "windows-sys",
]

[[package]]
name = "semver"
version = "1.0.28"
source = "registry+https://github.com/rust-lang/crates.io-index"
checksum = "8a7852d02fc848982e0c167ef163aaff9cd91dc640ba85e263cb1ce46fae51cd"

[[package]]
name = "seq-macro"
version = "0.3.6"
source = "registry+https://github.com/rust-lang/crates.io-index"
checksum = "1bc711410fbe7399f390ca1c3b60ad0f53f80e95c5eb935e52268a0e2cd49acc"

[[package]]
name = "serde"
version = "1.0.229"
source = "registry+https://github.com/rust-lang/crates.io-index"
checksum = "4148590afebada386688f18773da617792bf2ef03ffc1e4cbd2b1d45b023e0ba"
dependencies = [
 "serde_core",
 "serde_derive",
]

[[package]]
name = "serde_core"
version = "1.0.229"
source = "registry+https://github.com/rust-lang/crates.io-index"
checksum = "67dca2c9c51e58a4791a4b1ed58308b39c64224d349a935ab5039aa360942a48"
dependencies = [
 "serde_derive",
]

[[package]]
name = "serde_derive"
version = "1.0.229"
source = "registry+https://github.com/rust-lang/crates.io-index"
checksum = "e7a5d71263a5a7d47b41f6b3f06ba276f10cc18b0931f1799f710578e2309348"
dependencies = [
 "proc-macro2",
 "quote",
 "syn 3.0.3",
]

[[package]]
name = "serde_derive_internals"
version = "0.29.1"
source = "registry+https://github.com/rust-lang/crates.io-index"
checksum = "18d26a20a969b9e3fdf2fc2d9f21eda6c40e2de84c9408bb5d3b05d499aae711"
dependencies = [
 "proc-macro2",
 "quote",
 "syn 2.0.119",
]

[[package]]
name = "serde_json"
version = "1.0.151"
source = "registry+https://github.com/rust-lang/crates.io-index"
checksum = "c841b55ecdae098c80dcae9cf767f6f8a0c2cdb3416bbef72181df4d0fe73f14"
dependencies = [
 "indexmap",
 "itoa",
 "memchr",
 "serde",
 "serde_core",
 "zmij",
]

[[package]]
name = "sharded-slab"
version = "0.1.7"
source = "registry+https://github.com/rust-lang/crates.io-index"
checksum = "f40ca3c46823713e0d4209592e8d6e826aa57e928f09752619fc696c499637f6"
dependencies = [
 "lazy_static",
]

[[package]]
name = "simdutf8"
version = "0.1.5"
source = "registry+https://github.com/rust-lang/crates.io-index"
checksum = "e3a9fe34e3e7a50316060351f37187a3f546bce95496156754b601a5fa71b76e"

[[package]]
name = "siphasher"
version = "1.0.3"
source = "registry+https://github.com/rust-lang/crates.io-index"
checksum = "8ee5873ec9cce0195efcb7a4e9507a04cd49aec9c83d0389df45b1ef7ba2e649"

[[package]]
name = "slab"
version = "0.4.12"
source = "registry+https://github.com/rust-lang/crates.io-index"
checksum = "0c790de23124f9ab44544d7ac05d60440adc586479ce501c1d6d7da3cd8c9cf5"

[[package]]
name = "smallvec"
version = "1.15.2"
source = "registry+https://github.com/rust-lang/crates.io-index"
checksum = "8ed6a63f02c8539c91a8685a86f4099661ba3da017932f6ebbea6de3f0fa7c90"
dependencies = [
 "serde",
]

[[package]]
name = "smawk"
version = "0.3.3"
source = "registry+https://github.com/rust-lang/crates.io-index"
checksum = "e8e2fb0f499abb4d162f2bedad68f5ef91a1682b5a03596ddb67efd37768d100"

[[package]]
name = "sort-package-json"
version = "0.0.14"
source = "registry+https://github.com/rust-lang/crates.io-index"
checksum = "c1c63477d7f55c3cc7c13fd41a677b999fda93d1b0df1cbe2dcca3fd31b5bc9f"
dependencies = [
 "serde_json",
]

[[package]]
name = "static_assertions"
version = "1.1.0"
source = "registry+https://github.com/rust-lang/crates.io-index"
checksum = "a2eb9349b6444b326872e140eb1cf5e7c522154d69e7a0ffb0fb81c06b37543f"

[[package]]
name = "supports-color"
version = "3.0.2"
source = "registry+https://github.com/rust-lang/crates.io-index"
checksum = "c64fc7232dd8d2e4ac5ce4ef302b1d81e0b80d055b9d77c7c4f51f6aa4c867d6"
dependencies = [
 "is_ci",
]

[[package]]
name = "syn"
version = "2.0.119"
source = "registry+https://github.com/rust-lang/crates.io-index"
checksum = "872831b642d1a07999a962a351ed35b955ea2cfc8f3862091e2a240a84f17297"
dependencies = [
 "proc-macro2",
 "quote",
 "unicode-ident",
]

[[package]]
name = "syn"
version = "3.0.3"
source = "registry+https://github.com/rust-lang/crates.io-index"
checksum = "53e9bae58849f64dfa4f5d5ae372c8341f7305f82a3868709269343628b659a3"
dependencies = [
 "proc-macro2",
 "quote",
 "unicode-ident",
]

[[package]]
name = "sync_wrapper"
version = "1.0.2"
source = "registry+https://github.com/rust-lang/crates.io-index"
checksum = "0bf256ce5efdfa370213c1dabab5935a12e49f2c58d15e9eac2870d3b4f27263"

[[package]]
name = "textwrap"
version = "0.16.2"
source = "registry+https://github.com/rust-lang/crates.io-index"
checksum = "c13547615a44dc9c452a8a534638acdf07120d4b6847c8178705da06306a3057"
dependencies = [
 "smawk",
 "unicode-linebreak",
 "unicode-width",
]

[[package]]
name = "thiserror"
version = "2.0.19"
source = "registry+https://github.com/rust-lang/crates.io-index"
checksum = "09a43598840e33d5b0331f38c5e30d13bb11c11210a4b58f0d9b18a5a5eefcd9"
dependencies = [
 "thiserror-impl",
]

[[package]]
name = "thiserror-impl"
version = "2.0.19"
source = "registry+https://github.com/rust-lang/crates.io-index"
checksum = "43cbfe0cf76104d42a574802844187e84a305e531ed54455f11fbde0f10541cd"
dependencies = [
 "proc-macro2",
 "quote",
 "syn 3.0.3",
]

[[package]]
name = "thread_local"
version = "1.1.10"
source = "registry+https://github.com/rust-lang/crates.io-index"
checksum = "1ad99c4c6d32803332c548b1af0540b357b3f5fc0be8f6c6bfe8b2e6ae784070"
dependencies = [
 "cfg-if",
]

[[package]]
name = "tokio"
version = "1.53.1"
source = "registry+https://github.com/rust-lang/crates.io-index"
checksum = "202caea871b69668250d242070849eb495be178ed697a3e98aebce5bc81a0bed"
dependencies = [
 "pin-project-lite",
 "tokio-macros",
]

[[package]]
name = "tokio-macros"
version = "2.7.1"
source = "registry+https://github.com/rust-lang/crates.io-index"
checksum = "6328af13490e73a9b4694030fafd93f8c8c6a9dede33e821c3fc63eddf8042ba"
dependencies = [
 "proc-macro2",
 "quote",
 "syn 2.0.119",
]

[[package]]
name = "tokio-util"
version = "0.7.19"
source = "registry+https://github.com/rust-lang/crates.io-index"
checksum = "494815d09bf52b5548659851081238f0ca39ff638363907596da739561c62c52"
dependencies = [
 "bytes",
 "futures-core",
 "futures-sink",
 "libc",
 "pin-project-lite",
 "tokio",
]

[[package]]
name = "tower"
version = "0.5.3"
source = "registry+https://github.com/rust-lang/crates.io-index"
checksum = "ebe5ef63511595f1344e2d5cfa636d973292adc0eec1f0ad45fae9f0851ab1d4"
dependencies = [
 "futures-core",
 "futures-util",
 "pin-project-lite",
 "sync_wrapper",
 "tower-layer",
 "tower-service",
]

[[package]]
name = "tower-layer"
version = "0.3.3"
source = "registry+https://github.com/rust-lang/crates.io-index"
checksum = "121c2a6cda46980bb0fcd1647ffaf6cd3fc79a013de288782836f6df9c48780e"

[[package]]
name = "tower-lsp-server"
version = "0.23.0"
source = "registry+https://github.com/rust-lang/crates.io-index"
checksum = "2f0e711655c89181a6bc6a2cc348131fcd9680085f5b06b6af13427a393a6e72"
dependencies = [
 "bytes",
 "dashmap",
 "futures",
 "httparse",
 "ls-types",
 "memchr",
 "serde",
 "serde_json",
 "tokio",
 "tokio-util",
 "tower",
 "tracing",
]

[[package]]
name = "tower-service"
version = "0.3.3"
source = "registry+https://github.com/rust-lang/crates.io-index"
checksum = "8df9b6e13f2d32c91b9bd719c00d1958837bc7dec474d94952798cc8e69eeec3"

[[package]]
name = "tracing"
version = "0.1.44"
source = "registry+https://github.com/rust-lang/crates.io-index"
checksum = "63e71662fa4b2a2c3a26f570f037eb95bb1f85397f3cd8076caed2f026a6d100"
dependencies = [
 "pin-project-lite",
 "tracing-attributes",
 "tracing-core",
]

[[package]]
name = "tracing-attributes"
version = "0.1.31"
source = "registry+https://github.com/rust-lang/crates.io-index"
checksum = "7490cfa5ec963746568740651ac6781f701c9c5ea257c58e057f3ba8cf69e8da"
dependencies = [
 "proc-macro2",
 "quote",
 "syn 2.0.119",
]

[[package]]
name = "tracing-core"
version = "0.1.36"
source = "registry+https://github.com/rust-lang/crates.io-index"
checksum = "db97caf9d906fbde555dd62fa95ddba9eecfd14cb388e4f491a66d74cd5fb79a"
dependencies = [
 "once_cell",
 "valuable",
]

[[package]]
name = "tracing-log"
version = "0.2.0"
source = "registry+https://github.com/rust-lang/crates.io-index"
checksum = "ee855f1f400bd0e5c02d150ae5de3840039a3f54b025156404e34c23c03f47c3"
dependencies = [
 "log",
 "once_cell",
 "tracing-core",
]

[[package]]
name = "tracing-subscriber"
version = "0.3.23"
source = "registry+https://github.com/rust-lang/crates.io-index"
checksum = "cb7f578e5945fb242538965c2d0b04418d38ec25c79d160cd279bf0731c8d319"
dependencies = [
 "nu-ansi-term",
 "sharded-slab",
 "smallvec",
 "thread_local",
 "tracing-core",
 "tracing-log",
]

[[package]]
name = "unicode-id"
version = "0.3.6"
source = "registry+https://github.com/rust-lang/crates.io-index"
checksum = "70ba288e709927c043cbe476718d37be306be53fb1fafecd0dbe36d072be2580"

[[package]]
name = "unicode-id-start"
version = "1.4.0"
source = "registry+https://github.com/rust-lang/crates.io-index"
checksum = "81b79ad29b5e19de4260020f8919b443b2ef0277d242ce532ec7b7a2cc8b6007"

[[package]]
name = "unicode-ident"
version = "1.0.24"
source = "registry+https://github.com/rust-lang/crates.io-index"
checksum = "e6e4313cd5fcd3dad5cafa179702e2b244f760991f45397d14d4ebf38247da75"

[[package]]
name = "unicode-linebreak"
version = "0.1.5"
source = "registry+https://github.com/rust-lang/crates.io-index"
checksum = "3b09c83c3c29d37506a3e260c08c03743a6bb66a9cd432c6934ab501a190571f"

[[package]]
name = "unicode-segmentation"
version = "1.13.3"
source = "registry+https://github.com/rust-lang/crates.io-index"
checksum = "c6f5d3c3b1bf09027a88a6bc961fc00497d651009560b5463668dc81b0fa87a8"

[[package]]
name = "unicode-width"
version = "0.2.2"
source = "registry+https://github.com/rust-lang/crates.io-index"
checksum = "b4ac048d71ede7ee76d585517add45da530660ef4390e49b098733c6e897f254"

[[package]]
name = "valuable"
version = "0.1.1"
source = "registry+https://github.com/rust-lang/crates.io-index"
checksum = "ba73ea9cf16a25df0c8caa16c51acb937d5712a8429db78a3ee29d5dcacd3a65"

[[package]]
name = "walkdir"
version = "2.5.0"
source = "registry+https://github.com/rust-lang/crates.io-index"
checksum = "29790946404f91d9c5d06f9874efddea1dc06c5efe94541a7d6863108e3a5e4b"
dependencies = [
 "same-file",
 "winapi-util",
]

[[package]]
name = "winapi-util"
version = "0.1.11"
source = "registry+https://github.com/rust-lang/crates.io-index"
checksum = "c2a7b1c03c876122aa43f3020e6c3c3ee5c05081c9a00739faf7503aeba10d22"
dependencies = [
 "windows-sys",
]

[[package]]
name = "windows-link"
version = "0.2.1"
source = "registry+https://github.com/rust-lang/crates.io-index"
checksum = "f0805222e57f7521d6a62e36fa9163bc891acd422f971defe97d64e70d0a4fe5"

[[package]]
name = "windows-sys"
version = "0.61.2"
source = "registry+https://github.com/rust-lang/crates.io-index"
checksum = "ae137229bcbd6cdf0f7b80a31df61766145077ddf49416a728b02cb3921ff3fc"
dependencies = [
 "windows-link",
]

[[package]]
name = "zmij"
version = "1.0.23"
source = "registry+https://github.com/rust-lang/crates.io-index"
checksum = "29666d0abbfad1e3dc4dcf6144730dd3a3ab225bbbdac83319345b1b44ccfc1b"
